{
  "name": "tipping-near-dapplet",
  "version": "0.5.2",
  "lockfileVersion": 3,
  "requires": true,
  "packages": {
    "": {
      "name": "tipping-near-dapplet",
      "version": "0.5.2",
      "hasInstallScript": true,
      "license": "MIT",
      "dependencies": {
        "bn.js": "^5.2.0",
        "lodash": "^4.17.21",
        "mathjs": "^10.0.0",
        "numeral": "^2.0.6"
      },
      "devDependencies": {
        "@types/bn.js": "^5.1.0",
        "@types/lodash": "^4.14.177",
        "@types/numeral": "^2.0.2",
        "concurrently": "^6.0.2",
        "prettier": "2.2.1"
      }
    },
    "node_modules/@babel/runtime": {
      "version": "7.22.6",
      "resolved": "https://registry.npmjs.org/@babel/runtime/-/runtime-7.22.6.tgz",
      "integrity": "sha512-wDb5pWm4WDdF6LFUde3Jl8WzPA+3ZbxYqkC6xAXuD3irdEHN1k0NfTRrJD8ZD378SJ61miMLCqIOXYhd8x+AJQ==",
      "dependencies": {
        "regenerator-runtime": "^0.13.11"
      },
      "engines": {
        "node": ">=6.9.0"
      }
    },
    "node_modules/@types/bn.js": {
      "version": "5.1.1",
      "resolved": "https://registry.npmjs.org/@types/bn.js/-/bn.js-5.1.1.tgz",
      "integrity": "sha512-qNrYbZqMx0uJAfKnKclPh+dTwK33KfLHYqtyODwd5HnXOjnkhc4qgn3BrK6RWyGZm5+sIFE7Q7Vz6QQtJB7w7g==",
      "dev": true,
      "dependencies": {
        "@types/node": "*"
      }
    },
    "node_modules/@types/lodash": {
      "version": "4.14.196",
      "resolved": "https://registry.npmjs.org/@types/lodash/-/lodash-4.14.196.tgz",
      "integrity": "sha512-22y3o88f4a94mKljsZcanlNWPzO0uBsBdzLAngf2tp533LzZcQzb6+eZPJ+vCTt+bqF2XnvT9gejTLsAcJAJyQ==",
      "dev": true
    },
    "node_modules/@types/node": {
      "version": "20.4.5",
      "resolved": "https://registry.npmjs.org/@types/node/-/node-20.4.5.tgz",
      "integrity": "sha512-rt40Nk13II9JwQBdeYqmbn2Q6IVTA5uPhvSO+JVqdXw/6/4glI6oR9ezty/A9Hg5u7JH4OmYmuQ+XvjKm0Datg==",
      "dev": true
    },
    "node_modules/@types/numeral": {
      "version": "2.0.2",
      "resolved": "https://registry.npmjs.org/@types/numeral/-/numeral-2.0.2.tgz",
      "integrity": "sha512-A8F30k2gYJ/6e07spSCPpkuZu79LCnkPTvqmIWQzNGcrzwFKpVOydG41lNt5wZXjSI149qjyzC2L1+F2PD/NUA==",
      "dev": true
    },
    "node_modules/ansi-regex": {
      "version": "5.0.1",
      "resolved": "https://registry.npmjs.org/ansi-regex/-/ansi-regex-5.0.1.tgz",
      "integrity": "sha512-quJQXlTSUGL2LH9SUXo8VwsY4soanhgo6LNSm84E1LBcE8s3O0wpdiRzyR9z/ZZJMlMWv37qOOb9pdJlMUEKFQ==",
      "dev": true,
      "engines": {
        "node": ">=8"
      }
    },
    "node_modules/ansi-styles": {
      "version": "4.3.0",
      "resolved": "https://registry.npmjs.org/ansi-styles/-/ansi-styles-4.3.0.tgz",
      "integrity": "sha512-zbB9rCJAT1rbjiVDb2hqKFHNYLxgtk8NURxZ3IZwD3F6NtxbXZQCnnSi1Lkx+IDohdPlFp222wVALIheZJQSEg==",
      "dev": true,
      "dependencies": {
        "color-convert": "^2.0.1"
      },
      "engines": {
        "node": ">=8"
      },
      "funding": {
        "url": "https://github.com/chalk/ansi-styles?sponsor=1"
      }
    },
    "node_modules/bn.js": {
      "version": "5.2.1",
      "resolved": "https://registry.npmjs.org/bn.js/-/bn.js-5.2.1.tgz",
      "integrity": "sha512-eXRvHzWyYPBuB4NBy0cmYQjGitUrtqwbvlzP3G6VFnNRbsZQIxQ10PbKKHt8gZ/HW/D/747aDl+QkDqg3KQLMQ=="
    },
    "node_modules/chalk": {
      "version": "4.1.2",
      "resolved": "https://registry.npmjs.org/chalk/-/chalk-4.1.2.tgz",
      "integrity": "sha512-oKnbhFyRIXpUuez8iBMmyEa4nbj4IOQyuhc/wy9kY7/WVPcwIO9VA668Pu8RkO7+0G76SLROeyw9CpQ061i4mA==",
      "dev": true,
      "dependencies": {
        "ansi-styles": "^4.1.0",
        "supports-color": "^7.1.0"
      },
      "engines": {
        "node": ">=10"
      },
      "funding": {
        "url": "https://github.com/chalk/chalk?sponsor=1"
      }
    },
    "node_modules/chalk/node_modules/supports-color": {
      "version": "7.2.0",
      "resolved": "https://registry.npmjs.org/supports-color/-/supports-color-7.2.0.tgz",
      "integrity": "sha512-qpCAvRl9stuOHveKsn7HncJRvv501qIacKzQlO/+Lwxc9+0q2wLyv4Dfvt80/DPn2pqOBsJdDiogXGR9+OvwRw==",
      "dev": true,
      "dependencies": {
        "has-flag": "^4.0.0"
      },
      "engines": {
        "node": ">=8"
      }
    },
    "node_modules/cliui": {
      "version": "7.0.4",
      "resolved": "https://registry.npmjs.org/cliui/-/cliui-7.0.4.tgz",
      "integrity": "sha512-OcRE68cOsVMXp1Yvonl/fzkQOyjLSu/8bhPDfQt0e0/Eb283TKP20Fs2MqoPsr9SwA595rRCA+QMzYc9nBP+JQ==",
      "dev": true,
      "dependencies": {
        "string-width": "^4.2.0",
        "strip-ansi": "^6.0.0",
        "wrap-ansi": "^7.0.0"
      }
    },
    "node_modules/color-convert": {
      "version": "2.0.1",
      "resolved": "https://registry.npmjs.org/color-convert/-/color-convert-2.0.1.tgz",
      "integrity": "sha512-RRECPsj7iu/xb5oKYcsFHSppFNnsj/52OVTRKb4zP5onXwVF3zVmmToNcOfGC+CRDpfK/U584fMg38ZHCaElKQ==",
      "dev": true,
      "dependencies": {
        "color-name": "~1.1.4"
      },
      "engines": {
        "node": ">=7.0.0"
      }
    },
    "node_modules/color-name": {
      "version": "1.1.4",
      "resolved": "https://registry.npmjs.org/color-name/-/color-name-1.1.4.tgz",
      "integrity": "sha512-dOy+3AuW3a2wNbZHIuMZpTcgjGuLU/uBL/ubcZF9OXbDo8ff4O8yVp5Bf0efS8uEoYo5q4Fx7dY9OgQGXgAsQA==",
      "dev": true
    },
    "node_modules/complex.js": {
      "version": "2.1.1",
      "resolved": "https://registry.npmjs.org/complex.js/-/complex.js-2.1.1.tgz",
      "integrity": "sha512-8njCHOTtFFLtegk6zQo0kkVX1rngygb/KQI6z1qZxlFI3scluC+LVTCFbrkWjBv4vvLlbQ9t88IPMC6k95VTTg==",
      "engines": {
        "node": "*"
      },
      "funding": {
        "type": "patreon",
        "url": "https://www.patreon.com/infusion"
      }
    },
    "node_modules/concurrently": {
      "version": "6.5.1",
      "resolved": "https://registry.npmjs.org/concurrently/-/concurrently-6.5.1.tgz",
      "integrity": "sha512-FlSwNpGjWQfRwPLXvJ/OgysbBxPkWpiVjy1042b0U7on7S7qwwMIILRj7WTN1mTgqa582bG6NFuScOoh6Zgdag==",
      "dev": true,
      "dependencies": {
        "chalk": "^4.1.0",
        "date-fns": "^2.16.1",
        "lodash": "^4.17.21",
        "rxjs": "^6.6.3",
        "spawn-command": "^0.0.2-1",
        "supports-color": "^8.1.0",
        "tree-kill": "^1.2.2",
        "yargs": "^16.2.0"
      },
      "bin": {
        "concurrently": "bin/concurrently.js"
      },
      "engines": {
        "node": ">=10.0.0"
      }
    },
    "node_modules/date-fns": {
      "version": "2.30.0",
      "resolved": "https://registry.npmjs.org/date-fns/-/date-fns-2.30.0.tgz",
      "integrity": "sha512-fnULvOpxnC5/Vg3NCiWelDsLiUc9bRwAPs/+LfTLNvetFCtCTN+yQz15C/fs4AwX1R9K5GLtLfn8QW+dWisaAw==",
      "dev": true,
      "dependencies": {
        "@babel/runtime": "^7.21.0"
      },
      "engines": {
        "node": ">=0.11"
      },
      "funding": {
        "type": "opencollective",
        "url": "https://opencollective.com/date-fns"
      }
    },
    "node_modules/decimal.js": {
      "version": "10.4.3",
      "resolved": "https://registry.npmjs.org/decimal.js/-/decimal.js-10.4.3.tgz",
      "integrity": "sha512-VBBaLc1MgL5XpzgIP7ny5Z6Nx3UrRkIViUkPUdtl9aya5amy3De1gsUUSB1g3+3sExYNjCAsAznmukyxCb1GRA=="
    },
    "node_modules/emoji-regex": {
      "version": "8.0.0",
      "resolved": "https://registry.npmjs.org/emoji-regex/-/emoji-regex-8.0.0.tgz",
      "integrity": "sha512-MSjYzcWNOA0ewAHpz0MxpYFvwg6yjy1NG3xteoqz644VCo/RPgnr1/GGt+ic3iJTzQ8Eu3TdM14SawnVUmGE6A==",
      "dev": true
    },
    "node_modules/escalade": {
      "version": "3.1.1",
      "resolved": "https://registry.npmjs.org/escalade/-/escalade-3.1.1.tgz",
      "integrity": "sha512-k0er2gUkLf8O0zKJiAhmkTnJlTvINGv7ygDNPbeIsX/TJjGJZHuh9B2UxbsaEkmlEo9MfhrSzmhIlhRlI2GXnw==",
      "dev": true,
      "engines": {
        "node": ">=6"
      }
    },
    "node_modules/escape-latex": {
      "version": "1.2.0",
      "resolved": "https://registry.npmjs.org/escape-latex/-/escape-latex-1.2.0.tgz",
      "integrity": "sha512-nV5aVWW1K0wEiUIEdZ4erkGGH8mDxGyxSeqPzRNtWP7ataw+/olFObw7hujFWlVjNsaDFw5VZ5NzVSIqRgfTiw=="
    },
    "node_modules/fraction.js": {
      "version": "4.2.0",
      "resolved": "https://registry.npmjs.org/fraction.js/-/fraction.js-4.2.0.tgz",
      "integrity": "sha512-MhLuK+2gUcnZe8ZHlaaINnQLl0xRIGRfcGk2yl8xoQAfHrSsL3rYu6FCmBdkdbhc9EPlwyGHewaRsvwRMJtAlA==",
      "engines": {
        "node": "*"
      },
      "funding": {
        "type": "patreon",
        "url": "https://www.patreon.com/infusion"
      }
    },
    "node_modules/get-caller-file": {
      "version": "2.0.5",
      "resolved": "https://registry.npmjs.org/get-caller-file/-/get-caller-file-2.0.5.tgz",
      "integrity": "sha512-DyFP3BM/3YHTQOCUL/w0OZHR0lpKeGrxotcHWcqNEdnltqFwXVfhEBQ94eIo34AfQpo0rGki4cyIiftY06h2Fg==",
      "dev": true,
      "engines": {
        "node": "6.* || 8.* || >= 10.*"
      }
    },
    "node_modules/has-flag": {
      "version": "4.0.0",
      "resolved": "https://registry.npmjs.org/has-flag/-/has-flag-4.0.0.tgz",
      "integrity": "sha512-EykJT/Q1KjTWctppgIAgfSO0tKVuZUjhgMr17kqTumMl6Afv3EISleU7qZUzoXDFTAHTDC4NOoG/ZxU3EvlMPQ==",
      "dev": true,
      "engines": {
        "node": ">=8"
      }
    },
    "node_modules/is-fullwidth-code-point": {
      "version": "3.0.0",
      "resolved": "https://registry.npmjs.org/is-fullwidth-code-point/-/is-fullwidth-code-point-3.0.0.tgz",
      "integrity": "sha512-zymm5+u+sCsSWyD9qNaejV3DFvhCKclKdizYaJUuHA83RLjb7nSuGnddCHGv0hk+KY7BMAlsWeK4Ueg6EV6XQg==",
      "dev": true,
      "engines": {
        "node": ">=8"
      }
    },
    "node_modules/javascript-natural-sort": {
      "version": "0.7.1",
      "resolved": "https://registry.npmjs.org/javascript-natural-sort/-/javascript-natural-sort-0.7.1.tgz",
      "integrity": "sha512-nO6jcEfZWQXDhOiBtG2KvKyEptz7RVbpGP4vTD2hLBdmNQSsCiicO2Ioinv6UI4y9ukqnBpy+XZ9H6uLNgJTlw=="
    },
    "node_modules/lodash": {
      "version": "4.17.21",
      "resolved": "https://registry.npmjs.org/lodash/-/lodash-4.17.21.tgz",
      "integrity": "sha512-v2kDEe57lecTulaDIuNTPy3Ry4gLGJ6Z1O3vE1krgXZNrsQ+LFTGHVxVjcXPs17LhbZVGedAJv8XZ1tvj5FvSg=="
    },
    "node_modules/mathjs": {
      "version": "10.6.4",
      "resolved": "https://registry.npmjs.org/mathjs/-/mathjs-10.6.4.tgz",
      "integrity": "sha512-omQyvRE1jIy+3k2qsqkWASOcd45aZguXZDckr3HtnTYyXk5+2xpVfC3kATgbO2Srjxlqww3TVdhD0oUdZ/hiFA==",
      "dependencies": {
        "@babel/runtime": "^7.18.6",
        "complex.js": "^2.1.1",
        "decimal.js": "^10.3.1",
        "escape-latex": "^1.2.0",
        "fraction.js": "^4.2.0",
        "javascript-natural-sort": "^0.7.1",
        "seedrandom": "^3.0.5",
        "tiny-emitter": "^2.1.0",
        "typed-function": "^2.1.0"
      },
      "bin": {
        "mathjs": "bin/cli.js"
      },
      "engines": {
        "node": ">= 14"
      }
    },
    "node_modules/numeral": {
      "version": "2.0.6",
      "resolved": "https://registry.npmjs.org/numeral/-/numeral-2.0.6.tgz",
      "integrity": "sha512-qaKRmtYPZ5qdw4jWJD6bxEf1FJEqllJrwxCLIm0sQU/A7v2/czigzOb+C2uSiFsa9lBUzeH7M1oK+Q+OLxL3kA==",
      "engines": {
        "node": "*"
      }
    },
    "node_modules/prettier": {
      "version": "2.2.1",
      "resolved": "https://registry.npmjs.org/prettier/-/prettier-2.2.1.tgz",
      "integrity": "sha512-PqyhM2yCjg/oKkFPtTGUojv7gnZAoG80ttl45O6x2Ug/rMJw4wcc9k6aaf2hibP7BGVCCM33gZoGjyvt9mm16Q==",
      "dev": true,
      "bin": {
        "prettier": "bin-prettier.js"
      },
      "engines": {
        "node": ">=10.13.0"
      }
    },
    "node_modules/regenerator-runtime": {
      "version": "0.13.11",
      "resolved": "https://registry.npmjs.org/regenerator-runtime/-/regenerator-runtime-0.13.11.tgz",
      "integrity": "sha512-kY1AZVr2Ra+t+piVaJ4gxaFaReZVH40AKNo7UCX6W+dEwBo/2oZJzqfuN1qLq1oL45o56cPaTXELwrTh8Fpggg=="
    },
    "node_modules/require-directory": {
      "version": "2.1.1",
      "resolved": "https://registry.npmjs.org/require-directory/-/require-directory-2.1.1.tgz",
      "integrity": "sha512-fGxEI7+wsG9xrvdjsrlmL22OMTTiHRwAMroiEeMgq8gzoLC/PQr7RsRDSTLUg/bZAZtF+TVIkHc6/4RIKrui+Q==",
      "dev": true,
      "engines": {
        "node": ">=0.10.0"
      }
    },
    "node_modules/rxjs": {
      "version": "6.6.7",
      "resolved": "https://registry.npmjs.org/rxjs/-/rxjs-6.6.7.tgz",
      "integrity": "sha512-hTdwr+7yYNIT5n4AMYp85KA6yw2Va0FLa3Rguvbpa4W3I5xynaBZo41cM3XM+4Q6fRMj3sBYIR1VAmZMXYJvRQ==",
      "dev": true,
      "dependencies": {
        "tslib": "^1.9.0"
      },
      "engines": {
        "npm": ">=2.0.0"
      }
    },
    "node_modules/seedrandom": {
      "version": "3.0.5",
      "resolved": "https://registry.npmjs.org/seedrandom/-/seedrandom-3.0.5.tgz",
      "integrity": "sha512-8OwmbklUNzwezjGInmZ+2clQmExQPvomqjL7LFqOYqtmuxRgQYqOD3mHaU+MvZn5FLUeVxVfQjwLZW/n/JFuqg=="
    },
    "node_modules/spawn-command": {
      "version": "0.0.2-1",
      "resolved": "https://registry.npmjs.org/spawn-command/-/spawn-command-0.0.2-1.tgz",
      "integrity": "sha512-n98l9E2RMSJ9ON1AKisHzz7V42VDiBQGY6PB1BwRglz99wpVsSuGzQ+jOi6lFXBGVTCrRpltvjm+/XA+tpeJrg==",
      "dev": true
    },
    "node_modules/string-width": {
      "version": "4.2.3",
      "resolved": "https://registry.npmjs.org/string-width/-/string-width-4.2.3.tgz",
      "integrity": "sha512-wKyQRQpjJ0sIp62ErSZdGsjMJWsap5oRNihHhu6G7JVO/9jIB6UyevL+tXuOqrng8j/cxKTWyWUwvSTriiZz/g==",
      "dev": true,
      "dependencies": {
        "emoji-regex": "^8.0.0",
        "is-fullwidth-code-point": "^3.0.0",
        "strip-ansi": "^6.0.1"
      },
      "engines": {
        "node": ">=8"
      }
    },
    "node_modules/strip-ansi": {
      "version": "6.0.1",
      "resolved": "https://registry.npmjs.org/strip-ansi/-/strip-ansi-6.0.1.tgz",
      "integrity": "sha512-Y38VPSHcqkFrCpFnQ9vuSXmquuv5oXOKpGeT6aGrr3o3Gc9AlVa6JBfUSOCnbxGGZF+/0ooI7KrPuUSztUdU5A==",
      "dev": true,
      "dependencies": {
        "ansi-regex": "^5.0.1"
      },
      "engines": {
        "node": ">=8"
      }
    },
    "node_modules/supports-color": {
      "version": "8.1.1",
      "resolved": "https://registry.npmjs.org/supports-color/-/supports-color-8.1.1.tgz",
      "integrity": "sha512-MpUEN2OodtUzxvKQl72cUF7RQ5EiHsGvSsVG0ia9c5RbWGL2CI4C7EpPS8UTBIplnlzZiNuV56w+FuNxy3ty2Q==",
      "dev": true,
      "dependencies": {
        "has-flag": "^4.0.0"
      },
      "engines": {
        "node": ">=10"
      },
      "funding": {
        "url": "https://github.com/chalk/supports-color?sponsor=1"
      }
    },
    "node_modules/tiny-emitter": {
      "version": "2.1.0",
      "resolved": "https://registry.npmjs.org/tiny-emitter/-/tiny-emitter-2.1.0.tgz",
      "integrity": "sha512-NB6Dk1A9xgQPMoGqC5CVXn123gWyte215ONT5Pp5a0yt4nlEoO1ZWeCwpncaekPHXO60i47ihFnZPiRPjRMq4Q=="
    },
    "node_modules/tree-kill": {
      "version": "1.2.2",
      "resolved": "https://registry.npmjs.org/tree-kill/-/tree-kill-1.2.2.tgz",
      "integrity": "sha512-L0Orpi8qGpRG//Nd+H90vFB+3iHnue1zSSGmNOOCh1GLJ7rUKVwV2HvijphGQS2UmhUZewS9VgvxYIdgr+fG1A==",
      "dev": true,
      "bin": {
        "tree-kill": "cli.js"
      }
    },
    "node_modules/tslib": {
      "version": "1.14.1",
      "resolved": "https://registry.npmjs.org/tslib/-/tslib-1.14.1.tgz",
      "integrity": "sha512-Xni35NKzjgMrwevysHTCArtLDpPvye8zV/0E4EyYn43P7/7qvQwPh9BGkHewbMulVntbigmcT7rdX3BNo9wRJg==",
      "dev": true
    },
    "node_modules/typed-function": {
      "version": "2.1.0",
      "resolved": "https://registry.npmjs.org/typed-function/-/typed-function-2.1.0.tgz",
      "integrity": "sha512-bctQIOqx2iVbWGDGPWwIm18QScpu2XRmkC19D8rQGFsjKSgteq/o1hTZvIG/wuDq8fanpBDrLkLq+aEN/6y5XQ==",
      "engines": {
        "node": ">= 10"
      }
    },
    "node_modules/wrap-ansi": {
      "version": "7.0.0",
      "resolved": "https://registry.npmjs.org/wrap-ansi/-/wrap-ansi-7.0.0.tgz",
      "integrity": "sha512-YVGIj2kamLSTxw6NsZjoBxfSwsn0ycdesmc4p+Q21c5zPuZ1pl+NfxVdxPtdHvmNVOQ6XSYG4AUtyt/Fi7D16Q==",
      "dev": true,
      "dependencies": {
        "ansi-styles": "^4.0.0",
        "string-width": "^4.1.0",
        "strip-ansi": "^6.0.0"
      },
      "engines": {
        "node": ">=10"
      },
      "funding": {
        "url": "https://github.com/chalk/wrap-ansi?sponsor=1"
      }
    },
    "node_modules/y18n": {
      "version": "5.0.8",
      "resolved": "https://registry.npmjs.org/y18n/-/y18n-5.0.8.tgz",
      "integrity": "sha512-0pfFzegeDWJHJIAmTLRP2DwHjdF5s7jo9tuztdQxAhINCdvS+3nGINqPd00AphqJR/0LhANUS6/+7SCb98YOfA==",
      "dev": true,
      "engines": {
        "node": ">=10"
      }
    },
    "node_modules/yargs": {
      "version": "16.2.0",
      "resolved": "https://registry.npmjs.org/yargs/-/yargs-16.2.0.tgz",
      "integrity": "sha512-D1mvvtDG0L5ft/jGWkLpG1+m0eQxOfaBvTNELraWj22wSVUMWxZUvYgJYcKh6jGGIkJFhH4IZPQhR4TKpc8mBw==",
      "dev": true,
      "dependencies": {
        "cliui": "^7.0.2",
        "escalade": "^3.1.1",
        "get-caller-file": "^2.0.5",
        "require-directory": "^2.1.1",
        "string-width": "^4.2.0",
        "y18n": "^5.0.5",
        "yargs-parser": "^20.2.2"
      },
      "engines": {
        "node": ">=10"
      }
    },
    "node_modules/yargs-parser": {
      "version": "20.2.9",
      "resolved": "https://registry.npmjs.org/yargs-parser/-/yargs-parser-20.2.9.tgz",
      "integrity": "sha512-y11nGElTIV+CT3Zv9t7VKl+Q3hTQoT9a1Qzezhhl6Rp21gJ/IVTW7Z3y9EWXhuUBC2Shnf+DX0antecpAwSP8w==",
      "dev": true,
      "engines": {
        "node": ">=10"
      }
    }
  }
}